// !$*UTF8*$!
{
	archiveVersion = 1;
	classes = {
	};
	objectVersion = 46;
	objects = {

/* Begin PBXBuildFile section */
		47EE79501F5155F10060D363 /* AppDelegate.swift in Sources */ = {isa = PBXBuildFile; fileRef = 47EE794F1F5155F10060D363 /* AppDelegate.swift */; };
		47EE79521F5155F10060D363 /* WelcomeVC.swift in Sources */ = {isa = PBXBuildFile; fileRef = 47EE79511F5155F10060D363 /* WelcomeVC.swift */; };
		47EE79551F5155F10060D363 /* Main.storyboard in Resources */ = {isa = PBXBuildFile; fileRef = 47EE79531F5155F10060D363 /* Main.storyboard */; };
		47EE79571F5155F10060D363 /* Assets.xcassets in Resources */ = {isa = PBXBuildFile; fileRef = 47EE79561F5155F10060D363 /* Assets.xcassets */; };
		47EE795A1F5155F10060D363 /* LaunchScreen.storyboard in Resources */ = {isa = PBXBuildFile; fileRef = 47EE79581F5155F10060D363 /* LaunchScreen.storyboard */; };
		47EE79651F5155F10060D363 /* Swoosh3Tests.swift in Sources */ = {isa = PBXBuildFile; fileRef = 47EE79641F5155F10060D363 /* Swoosh3Tests.swift */; };
		47EE79701F5155F10060D363 /* Swoosh3UITests.swift in Sources */ = {isa = PBXBuildFile; fileRef = 47EE796F1F5155F10060D363 /* Swoosh3UITests.swift */; };
		47EE797F1F51566E0060D363 /* LeagueVC.swift in Sources */ = {isa = PBXBuildFile; fileRef = 47EE797E1F51566E0060D363 /* LeagueVC.swift */; };
		47EE79811F51567D0060D363 /* SkillsVC.swift in Sources */ = {isa = PBXBuildFile; fileRef = 47EE79801F51567D0060D363 /* SkillsVC.swift */; };
		47F135C41F54807D000356EC /* BottomButton.swift in Sources */ = {isa = PBXBuildFile; fileRef = 47F135C31F54807D000356EC /* BottomButton.swift */; };
/* End PBXBuildFile section */

/* Begin PBXContainerItemProxy section */
		47EE79611F5155F10060D363 /* PBXContainerItemProxy */ = {
			isa = PBXContainerItemProxy;
			containerPortal = 47EE79441F5155F10060D363 /* Project object */;
			proxyType = 1;
			remoteGlobalIDString = 47EE794B1F5155F10060D363;
			remoteInfo = Swoosh3;
		};
		47EE796C1F5155F10060D363 /* PBXContainerItemProxy */ = {
			isa = PBXContainerItemProxy;
			containerPortal = 47EE79441F5155F10060D363 /* Project object */;
			proxyType = 1;
			remoteGlobalIDString = 47EE794B1F5155F10060D363;
			remoteInfo = Swoosh3;
		};
/* End PBXContainerItemProxy section */

/* Begin PBXFileReference section */
		47EE794C1F5155F10060D363 /* Swoosh3.app */ = {isa = PBXFileReference; explicitFileType = wrapper.application; includeInIndex = 0; path = Swoosh3.app; sourceTree = BUILT_PRODUCTS_DIR; };
		47EE794F1F5155F10060D363 /* AppDelegate.swift */ = {isa = PBXFileReference; lastKnownFileType = sourcecode.swift; path = AppDelegate.swift; sourceTree = "<group>"; };
		47EE79511F5155F10060D363 /* WelcomeVC.swift */ = {isa = PBXFileReference; lastKnownFileType = sourcecode.swift; path = WelcomeVC.swift; sourceTree = "<group>"; };
		47EE79541F5155F10060D363 /* Base */ = {isa = PBXFileReference; lastKnownFileType = file.storyboard; name = Base; path = Base.lproj/Main.storyboard; sourceTree = "<group>"; };
		47EE79561F5155F10060D363 /* Assets.xcassets */ = {isa = PBXFileReference; lastKnownFileType = folder.assetcatalog; path = Assets.xcassets; sourceTree = "<group>"; };
		47EE79591F5155F10060D363 /* Base */ = {isa = PBXFileReference; lastKnownFileType = file.storyboard; name = Base; path = Base.lproj/LaunchScreen.storyboard; sourceTree = "<group>"; };
		47EE795B1F5155F10060D363 /* Info.plist */ = {isa = PBXFileReference; lastKnownFileType = text.plist.xml; path = Info.plist; sourceTree = "<group>"; };
		47EE79601F5155F10060D363 /* Swoosh3Tests.xctest */ = {isa = PBXFileReference; explicitFileType = wrapper.cfbundle; includeInIndex = 0; path = Swoosh3Tests.xctest; sourceTree = BUILT_PRODUCTS_DIR; };
		47EE79641F5155F10060D363 /* Swoosh3Tests.swift */ = {isa = PBXFileReference; lastKnownFileType = sourcecode.swift; path = Swoosh3Tests.swift; sourceTree = "<group>"; };
		47EE79661F5155F10060D363 /* Info.plist */ = {isa = PBXFileReference; lastKnownFileType = text.plist.xml; path = Info.plist; sourceTree = "<group>"; };
		47EE796B1F5155F10060D363 /* Swoosh3UITests.xctest */ = {isa = PBXFileReference; explicitFileType = wrapper.cfbundle; includeInIndex = 0; path = Swoosh3UITests.xctest; sourceTree = BUILT_PRODUCTS_DIR; };
		47EE796F1F5155F10060D363 /* Swoosh3UITests.swift */ = {isa = PBXFileReference; lastKnownFileType = sourcecode.swift; path = Swoosh3UITests.swift; sourceTree = "<group>"; };
		47EE79711F5155F10060D363 /* Info.plist */ = {isa = PBXFileReference; lastKnownFileType = text.plist.xml; path = Info.plist; sourceTree = "<group>"; };
		47EE797E1F51566E0060D363 /* LeagueVC.swift */ = {isa = PBXFileReference; fileEncoding = 4; lastKnownFileType = sourcecode.swift; path = LeagueVC.swift; sourceTree = "<group>"; };
		47EE79801F51567D0060D363 /* SkillsVC.swift */ = {isa = PBXFileReference; fileEncoding = 4; lastKnownFileType = sourcecode.swift; path = SkillsVC.swift; sourceTree = "<group>"; };
		47F135C31F54807D000356EC /* BottomButton.swift */ = {isa = PBXFileReference; fileEncoding = 4; lastKnownFileType = sourcecode.swift; path = BottomButton.swift; sourceTree = "<group>"; };
/* End PBXFileReference section */

/* Begin PBXFrameworksBuildPhase section */
		47EE79491F5155F10060D363 /* Frameworks */ = {
			isa = PBXFrameworksBuildPhase;
			buildActionMask = 2147483647;
			files = (
			);
			runOnlyForDeploymentPostprocessing = 0;
		};
		47EE795D1F5155F10060D363 /* Frameworks */ = {
			isa = PBXFrameworksBuildPhase;
			buildActionMask = 2147483647;
			files = (
			);
			runOnlyForDeploymentPostprocessing = 0;
		};
		47EE79681F5155F10060D363 /* Frameworks */ = {
			isa = PBXFrameworksBuildPhase;
			buildActionMask = 2147483647;
			files = (
			);
			runOnlyForDeploymentPostprocessing = 0;
		};
/* End PBXFrameworksBuildPhase section */

/* Begin PBXGroup section */
		47EE79431F5155F10060D363 = {
			isa = PBXGroup;
			children = (
				47EE794E1F5155F10060D363 /* Swoosh3 */,
				47EE79631F5155F10060D363 /* Swoosh3Tests */,
				47EE796E1F5155F10060D363 /* Swoosh3UITests */,
				47EE794D1F5155F10060D363 /* Products */,
			);
			sourceTree = "<group>";
		};
		47EE794D1F5155F10060D363 /* Products */ = {
			isa = PBXGroup;
			children = (
				47EE794C1F5155F10060D363 /* Swoosh3.app */,
				47EE79601F5155F10060D363 /* Swoosh3Tests.xctest */,
				47EE796B1F5155F10060D363 /* Swoosh3UITests.xctest */,
			);
			name = Products;
			sourceTree = "<group>";
		};
		47EE794E1F5155F10060D363 /* Swoosh3 */ = {
			isa = PBXGroup;
			children = (
				47EE797D1F5156510060D363 /* Controller */,
				47EE794F1F5155F10060D363 /* AppDelegate.swift */,
				47EE79531F5155F10060D363 /* Main.storyboard */,
				47EE79561F5155F10060D363 /* Assets.xcassets */,
				47EE79581F5155F10060D363 /* LaunchScreen.storyboard */,
				47EE795B1F5155F10060D363 /* Info.plist */,
				47F135C31F54807D000356EC /* BottomButton.swift */,
			);
			path = Swoosh3;
			sourceTree = "<group>";
		};
		47EE79631F5155F10060D363 /* Swoosh3Tests */ = {
			isa = PBXGroup;
			children = (
				47EE79641F5155F10060D363 /* Swoosh3Tests.swift */,
				47EE79661F5155F10060D363 /* Info.plist */,
			);
			path = Swoosh3Tests;
			sourceTree = "<group>";
		};
		47EE796E1F5155F10060D363 /* Swoosh3UITests */ = {
			isa = PBXGroup;
			children = (
				47EE796F1F5155F10060D363 /* Swoosh3UITests.swift */,
				47EE79711F5155F10060D363 /* Info.plist */,
			);
			path = Swoosh3UITests;
			sourceTree = "<group>";
		};
		47EE797D1F5156510060D363 /* Controller */ = {
			isa = PBXGroup;
			children = (
				47EE797E1F51566E0060D363 /* LeagueVC.swift */,
				47EE79801F51567D0060D363 /* SkillsVC.swift */,
				47EE79511F5155F10060D363 /* WelcomeVC.swift */,
			);
			name = Controller;
			sourceTree = "<group>";
		};
/* End PBXGroup section */

/* Begin PBXNativeTarget section */
		47EE794B1F5155F10060D363 /* Swoosh3 */ = {
			isa = PBXNativeTarget;
			buildConfigurationList = 47EE79741F5155F10060D363 /* Build configuration list for PBXNativeTarget "Swoosh3" */;
			buildPhases = (
				47EE79481F5155F10060D363 /* Sources */,
				47EE79491F5155F10060D363 /* Frameworks */,
				47EE794A1F5155F10060D363 /* Resources */,
			);
			buildRules = (
			);
			dependencies = (
			);
			name = Swoosh3;
			productName = Swoosh3;
			productReference = 47EE794C1F5155F10060D363 /* Swoosh3.app */;
			productType = "com.apple.product-type.application";
		};
		47EE795F1F5155F10060D363 /* Swoosh3Tests */ = {
			isa = PBXNativeTarget;
			buildConfigurationList = 47EE79771F5155F10060D363 /* Build configuration list for PBXNativeTarget "Swoosh3Tests" */;
			buildPhases = (
				47EE795C1F5155F10060D363 /* Sources */,
				47EE795D1F5155F10060D363 /* Frameworks */,
				47EE795E1F5155F10060D363 /* Resources */,
			);
			buildRules = (
			);
			dependencies = (
				47EE79621F5155F10060D363 /* PBXTargetDependency */,
			);
			name = Swoosh3Tests;
			productName = Swoosh3Tests;
			productReference = 47EE79601F5155F10060D363 /* Swoosh3Tests.xctest */;
			productType = "com.apple.product-type.bundle.unit-test";
		};
		47EE796A1F5155F10060D363 /* Swoosh3UITests */ = {
			isa = PBXNativeTarget;
			buildConfigurationList = 47EE797A1F5155F10060D363 /* Build configuration list for PBXNativeTarget "Swoosh3UITests" */;
			buildPhases = (
				47EE79671F5155F10060D363 /* Sources */,
				47EE79681F5155F10060D363 /* Frameworks */,
				47EE79691F5155F10060D363 /* Resources */,
			);
			buildRules = (
			);
			dependencies = (
				47EE796D1F5155F10060D363 /* PBXTargetDependency */,
			);
			name = Swoosh3UITests;
			productName = Swoosh3UITests;
			productReference = 47EE796B1F5155F10060D363 /* Swoosh3UITests.xctest */;
			productType = "com.apple.product-type.bundle.ui-testing";
		};
/* End PBXNativeTarget section */

/* Begin PBXProject section */
		47EE79441F5155F10060D363 /* Project object */ = {
			isa = PBXProject;
			attributes = {
				LastSwiftUpdateCheck = 0830;
				LastUpgradeCheck = 0830;
				ORGANIZATIONNAME = Sauli;
				TargetAttributes = {
					47EE794B1F5155F10060D363 = {
						CreatedOnToolsVersion = 8.3.3;
						ProvisioningStyle = Automatic;
					};
					47EE795F1F5155F10060D363 = {
						CreatedOnToolsVersion = 8.3.3;
						ProvisioningStyle = Automatic;
						TestTargetID = 47EE794B1F5155F10060D363;
					};
					47EE796A1F5155F10060D363 = {
						CreatedOnToolsVersion = 8.3.3;
						ProvisioningStyle = Automatic;
						TestTargetID = 47EE794B1F5155F10060D363;
					};
				};
			};
			buildConfigurationList = 47EE79471F5155F10060D363 /* Build configuration list for PBXProject "Swoosh3" */;
			compatibilityVersion = "Xcode 3.2";
			developmentRegion = English;
			hasScannedForEncodings = 0;
			knownRegions = (
				en,
				Base,
			);
			mainGroup = 47EE79431F5155F10060D363;
			productRefGroup = 47EE794D1F5155F10060D363 /* Products */;
			projectDirPath = "";
			projectRoot = "";
			targets = (
				47EE794B1F5155F10060D363 /* Swoosh3 */,
				47EE795F1F5155F10060D363 /* Swoosh3Tests */,
				47EE796A1F5155F10060D363 /* Swoosh3UITests */,
			);
		};
/* End PBXProject section */

/* Begin PBXResourcesBuildPhase section */
		47EE794A1F5155F10060D363 /* Resources */ = {
			isa = PBXResourcesBuildPhase;
			buildActionMask = 2147483647;
			files = (
				47EE795A1F5155F10060D363 /* LaunchScreen.storyboard in Resources */,
				47EE79571F5155F10060D363 /* Assets.xcassets in Resources */,
				47EE79551F5155F10060D363 /* Main.storyboard in Resources */,
			);
			runOnlyForDeploymentPostprocessing = 0;
		};
		47EE795E1F5155F10060D363 /* Resources */ = {
			isa = PBXResourcesBuildPhase;
			buildActionMask = 2147483647;
			files = (
			);
			runOnlyForDeploymentPostprocessing = 0;
		};
		47EE79691F5155F10060D363 /* Resources */ = {
			isa = PBXResourcesBuildPhase;
			buildActionMask = 2147483647;
			files = (
			);
			runOnlyForDeploymentPostprocessing = 0;
		};
/* End PBXResourcesBuildPhase section */

/* Begin PBXSourcesBuildPhase section */
		47EE79481F5155F10060D363 /* Sources */ = {
			isa = PBXSourcesBuildPhase;
			buildActionMask = 2147483647;
			files = (
				47EE79811F51567D0060D363 /* SkillsVC.swift in Sources */,
				47F135C41F54807D000356EC /* BottomButton.swift in Sources */,
				47EE79521F5155F10060D363 /* WelcomeVC.swift in Sources */,
				47EE79501F5155F10060D363 /* AppDelegate.swift in Sources */,
				47EE797F1F51566E0060D363 /* LeagueVC.swift in Sources */,
			);
			runOnlyForDeploymentPostprocessing = 0;
		};
		47EE795C1F5155F10060D363 /* Sources */ = {
			isa = PBXSourcesBuildPhase;
			buildActionMask = 2147483647;
			files = (
				47EE79651F5155F10060D363 /* Swoosh3Tests.swift in Sources */,
			);
			runOnlyForDeploymentPostprocessing = 0;
		};
		47EE79671F5155F10060D363 /* Sources */ = {
			isa = PBXSourcesBuildPhase;
			buildActionMask = 2147483647;
			files = (
				47EE79701F5155F10060D363 /* Swoosh3UITests.swift in Sources */,
			);
			runOnlyForDeploymentPostprocessing = 0;
		};
/* End PBXSourcesBuildPhase section */

/* Begin PBXTargetDependency section */
		47EE79621F5155F10060D363 /* PBXTargetDependency */ = {
			isa = PBXTargetDependency;
			target = 47EE794B1F5155F10060D363 /* Swoosh3 */;
			targetProxy = 47EE79611F5155F10060D363 /* PBXContainerItemProxy */;
		};
		47EE796D1F5155F10060D363 /* PBXTargetDependency */ = {
			isa = PBXTargetDependency;
			target = 47EE794B1F5155F10060D363 /* Swoosh3 */;
			targetProxy = 47EE796C1F5155F10060D363 /* PBXContainerItemProxy */;
		};
/* End PBXTargetDependency section */

/* Begin PBXVariantGroup section */
		47EE79531F5155F10060D363 /* Main.storyboard */ = {
			isa = PBXVariantGroup;
			children = (
				47EE79541F5155F10060D363 /* Base */,
			);
			name = Main.storyboard;
			sourceTree = "<group>";
		};
		47EE79581F5155F10060D363 /* LaunchScreen.storyboard */ = {
			isa = PBXVariantGroup;
			children = (
				47EE79591F5155F10060D363 /* Base */,
			);
			name = LaunchScreen.storyboard;
			sourceTree = "<group>";
		};
/* End PBXVariantGroup section */

/* Begin XCBuildConfiguration section */
		47EE79721F5155F10060D363 /* Debug */ = {
			isa = XCBuildConfiguration;
			buildSettings = {
				ALWAYS_SEARCH_USER_PATHS = NO;
				CLANG_ANALYZER_NONNULL = YES;
				CLANG_ANALYZER_NUMBER_OBJECT_CONVERSION = YES_AGGRESSIVE;
				CLANG_CXX_LANGUAGE_STANDARD = "gnu++0x";
				CLANG_CXX_LIBRARY = "libc++";
				CLANG_ENABLE_MODULES = YES;
				CLANG_ENABLE_OBJC_ARC = YES;
				CLANG_WARN_BOOL_CONVERSION = YES;
				CLANG_WARN_CONSTANT_CONVERSION = YES;
				CLANG_WARN_DIRECT_OBJC_ISA_USAGE = YES_ERROR;
				CLANG_WARN_DOCUMENTATION_COMMENTS = YES;
				CLANG_WARN_EMPTY_BODY = YES;
				CLANG_WARN_ENUM_CONVERSION = YES;
				CLANG_WARN_INFINITE_RECURSION = YES;
				CLANG_WARN_INT_CONVERSION = YES;
				CLANG_WARN_OBJC_ROOT_CLASS = YES_ERROR;
				CLANG_WARN_SUSPICIOUS_MOVE = YES;
				CLANG_WARN_UNREACHABLE_CODE = YES;
				CLANG_WARN__DUPLICATE_METHOD_MATCH = YES;
				"CODE_SIGN_IDENTITY[sdk=iphoneos*]" = "iPhone Developer";
				COPY_PHASE_STRIP = NO;
				DEBUG_INFORMATION_FORMAT = dwarf;
				ENABLE_STRICT_OBJC_MSGSEND = YES;
				ENABLE_TESTABILITY = YES;
				GCC_C_LANGUAGE_STANDARD = gnu99;
				GCC_DYNAMIC_NO_PIC = NO;
				GCC_NO_COMMON_BLOCKS = YES;
				GCC_OPTIMIZATION_LEVEL = 0;
				GCC_PREPROCESSOR_DEFINITIONS = (
					"DEBUG=1",
					"$(inherited)",
				);
				GCC_WARN_64_TO_32_BIT_CONVERSION = YES;
				GCC_WARN_ABOUT_RETURN_TYPE = YES_ERROR;
				GCC_WARN_UNDECLARED_SELECTOR = YES;
				GCC_WARN_UNINITIALIZED_AUTOS = YES_AGGRESSIVE;
				GCC_WARN_UNUSED_FUNCTION = YES;
				GCC_WARN_UNUSED_VARIABLE = YES;
				IPHONEOS_DEPLOYMENT_TARGET = 10.3;
				MTL_ENABLE_DEBUG_INFO = YES;
				ONLY_ACTIVE_ARCH = YES;
				SDKROOT = iphoneos;
				SWIFT_ACTIVE_COMPILATION_CONDITIONS = DEBUG;
				SWIFT_OPTIMIZATION_LEVEL = "-Onone";
				TARGETED_DEVICE_FAMILY = "1,2";
			};
			name = Debug;
		};
		47EE79731F5155F10060D363 /* Release */ = {
			isa = XCBuildConfiguration;
			buildSettings = {
				ALWAYS_SEARCH_USER_PATHS = NO;
				CLANG_ANALYZER_NONNULL = YES;
				CLANG_ANALYZER_NUMBER_OBJECT_CONVERSION = YES_AGGRESSIVE;
				CLANG_CXX_LANGUAGE_STANDARD = "gnu++0x";
				CLANG_CXX_LIBRARY = "libc++";
				CLANG_ENABLE_MODULES = YES;
				CLANG_ENABLE_OBJC_ARC = YES;
				CLANG_WARN_BOOL_CONVERSION = YES;
				CLANG_WARN_CONSTANT_CONVERSION = YES;
				CLANG_WARN_DIRECT_OBJC_ISA_USAGE = YES_ERROR;
				CLANG_WARN_DOCUMENTATION_COMMENTS = YES;
				CLANG_WARN_EMPTY_BODY = YES;
				CLANG_WARN_ENUM_CONVERSION = YES;
				CLANG_WARN_INFINITE_RECURSION = YES;
				CLANG_WARN_INT_CONVERSION = YES;
				CLANG_WARN_OBJC_ROOT_CLASS = YES_ERROR;
				CLANG_WARN_SUSPICIOUS_MOVE = YES;
				CLANG_WARN_UNREACHABLE_CODE = YES;
				CLANG_WARN__DUPLICATE_METHOD_MATCH = YES;
				"CODE_SIGN_IDENTITY[sdk=iphoneos*]" = "iPhone Developer";
				COPY_PHASE_STRIP = NO;
				DEBUG_INFORMATION_FORMAT = "dwarf-with-dsym";
				ENABLE_NS_ASSERTIONS = NO;
				ENABLE_STRICT_OBJC_MSGSEND = YES;
				GCC_C_LANGUAGE_STANDARD = gnu99;
				GCC_NO_COMMON_BLOCKS = YES;
				GCC_WARN_64_TO_32_BIT_CONVERSION = YES;
				GCC_WARN_ABOUT_RETURN_TYPE = YES_ERROR;
				GCC_WARN_UNDECLARED_SELECTOR = YES;
				GCC_WARN_UNINITIALIZED_AUTOS = YES_AGGRESSIVE;
				GCC_WARN_UNUSED_FUNCTION = YES;
				GCC_WARN_UNUSED_VARIABLE = YES;
				IPHONEOS_DEPLOYMENT_TARGET = 10.3;
				MTL_ENABLE_DEBUG_INFO = NO;
				SDKROOT = iphoneos;
				SWIFT_OPTIMIZATION_LEVEL = "-Owholemodule";
				TARGETED_DEVICE_FAMILY = "1,2";
				VALIDATE_PRODUCT = YES;
			};
			name = Release;
		};
		47EE79751F5155F10060D363 /* Debug */ = {
			isa = XCBuildConfiguration;
			buildSettings = {
				ASSETCATALOG_COMPILER_APPICON_NAME = AppIcon;
				INFOPLIST_FILE = Swoosh3/Info.plist;
				LD_RUNPATH_SEARCH_PATHS = "$(inherited) @executable_path/Frameworks";
				PRODUCT_BUNDLE_IDENTIFIER = Sauli.Swoosh3;
				PRODUCT_NAME = "$(TARGET_NAME)";
				SWIFT_VERSION = 3.0;
			};
			name = Debug;
		};
		47EE79761F5155F10060D363 /* Release */ = {
			isa = XCBuildConfiguration;
			buildSettings = {
				ASSETCATALOG_COMPILER_APPICON_NAME = AppIcon;
				INFOPLIST_FILE = Swoosh3/Info.plist;
				LD_RUNPATH_SEARCH_PATHS = "$(inherited) @executable_path/Frameworks";
				PRODUCT_BUNDLE_IDENTIFIER = Sauli.Swoosh3;
				PRODUCT_NAME = "$(TARGET_NAME)";
				SWIFT_VERSION = 3.0;
			};
			name = Release;
		};
		47EE79781F5155F10060D363 /* Debug */ = {
			isa = XCBuildConfiguration;
			buildSettings = {
				ALWAYS_EMBED_SWIFT_STANDARD_LIBRARIES = YES;
				BUNDLE_LOADER = "$(TEST_HOST)";
				INFOPLIST_FILE = Swoosh3Tests/Info.plist;
				LD_RUNPATH_SEARCH_PATHS = "$(inherited) @executable_path/Frameworks @loader_path/Frameworks";
				PRODUCT_BUNDLE_IDENTIFIER = Sauli.Swoosh3Tests;
				PRODUCT_NAME = "$(TARGET_NAME)";
				SWIFT_VERSION = 3.0;
				TEST_HOST = "$(BUILT_PRODUCTS_DIR)/Swoosh3.app/Swoosh3";
			};
			name = Debug;
		};
		47EE79791F5155F10060D363 /* Release */ = {
			isa = XCBuildConfiguration;
			buildSettings = {
				ALWAYS_EMBED_SWIFT_STANDARD_LIBRARIES = YES;
				BUNDLE_LOADER = "$(TEST_HOST)";
				INFOPLIST_FILE = Swoosh3Tests/Info.plist;
				LD_RUNPATH_SEARCH_PATHS = "$(inherited) @executable_path/Frameworks @loader_path/Frameworks";
				PRODUCT_BUNDLE_IDENTIFIER = Sauli.Swoosh3Tests;
				PRODUCT_NAME = "$(TARGET_NAME)";
				SWIFT_VERSION = 3.0;
				TEST_HOST = "$(BUILT_PRODUCTS_DIR)/Swoosh3.app/Swoosh3";
			};
			name = Release;
		};
		47EE797B1F5155F10060D363 /* Debug */ = {
			isa = XCBuildConfiguration;
			buildSettings = {
				ALWAYS_EMBED_SWIFT_STANDARD_LIBRARIES = YES;
				INFOPLIST_FILE = Swoosh3UITests/Info.plist;
				LD_RUNPATH_SEARCH_PATHS = "$(inherited) @executable_path/Frameworks @loader_path/Frameworks";
				PRODUCT_BUNDLE_IDENTIFIER = Sauli.Swoosh3UITests;
				PRODUCT_NAME = "$(TARGET_NAME)";
				SWIFT_VERSION = 3.0;
				TEST_TARGET_NAME = Swoosh3;
			};
			name = Debug;
		};
		47EE797C1F5155F10060D363 /* Release */ = {
			isa = XCBuildConfiguration;
			buildSettings = {
				ALWAYS_EMBED_SWIFT_STANDARD_LIBRARIES = YES;
				INFOPLIST_FILE = Swoosh3UITests/Info.plist;
				LD_RUNPATH_SEARCH_PATHS = "$(inherited) @executable_path/Frameworks @loader_path/Frameworks";
				PRODUCT_BUNDLE_IDENTIFIER = Sauli.Swoosh3UITests;
				PRODUCT_NAME = "$(TARGET_NAME)";
				SWIFT_VERSION = 3.0;
				TEST_TARGET_NAME = Swoosh3;
			};
			name = Release;
		};
/* End XCBuildConfiguration section */

/* Begin XCConfigurationList section */
		47EE79471F5155F10060D363 /* Build configuration list for PBXProject "Swoosh3" */ = {
			isa = XCConfigurationList;
			buildConfigurations = (
				47EE79721F5155F10060D363 /* Debug */,
				47EE79731F5155F10060D363 /* Release */,
			);
			defaultConfigurationIsVisible = 0;
			defaultConfigurationName = Release;
		};
		47EE79741F5155F10060D363 /* Build configuration list for PBXNativeTarget "Swoosh3" */ = {
			isa = XCConfigurationList;
			buildConfigurations = (
				47EE79751F5155F10060D363 /* Debug */,
				47EE79761F5155F10060D363 /* Release */,
			);
			defaultConfigurationIsVisible = 0;
			defaultConfigurationName = Release;
		};
		47EE79771F5155F10060D363 /* Build configuration list for PBXNativeTarget "Swoosh3Tests" */ = {
			isa = XCConfigurationList;
			buildConfigurations = (
				47EE79781F5155F10060D363 /* Debug */,
				47EE79791F5155F10060D363 /* Release */,
			);
			defaultConfigurationIsVisible = 0;
			defaultConfigurationName = Release;
		};
		47EE797A1F5155F10060D363 /* Build configuration list for PBXNativeTarget "Swoosh3UITests" */ = {
			isa = XCConfigurationList;
			buildConfigurations = (
				47EE797B1F5155F10060D363 /* Debug */,
				47EE797C1F5155F10060D363 /* Release */,
			);
			defaultConfigurationIsVisible = 0;
			defaultConfigurationName = Release;
		};
/* End XCConfigurationList section */
	};
	rootObject = 47EE79441F5155F10060D363 /* Project object */;
}
